
Microsoft Visual Studio Solution File, Format Version 11.00
# Visual Studio 2010
Project("{FAE04EC0-301F-11D3-BF4B-00C04F79EFBC}") = "Unity.Timeline", "Unity.Timeline.csproj", "{d25c78b8-dd76-9034-a2af-8cb3e5b91ba4}"
EndProject
Project("{FAE04EC0-301F-11D3-BF4B-00C04F79EFBC}") = "Unity.Timeline.Editor", "Unity.Timeline.Editor.csproj", "{ba2e0191-88a5-b9a8-c216-7470d60d12a4}"
EndProject
Project("{FAE04EC0-301F-11D3-BF4B-00C04F79EFBC}") = "Unity.2D.Tilemap.Editor", "Unity.2D.Tilemap.Editor.csproj", "{dc073f00-79a6-0f16-a791-e3893657d1a3}"
EndProject
Project("{FAE04EC0-301F-11D3-BF4B-00C04F79EFBC}") = "Unity.TextMeshPro.Editor", "Unity.TextMeshPro.Editor.csproj", "{e6ca4724-14d6-63d9-e620-44d8a3bf849b}"
EndProject
Project("{FAE04EC0-301F-11D3-BF4B-00C04F79EFBC}") = "Unity.2D.Aseprite.Editor", "Unity.2D.Aseprite.Editor.csproj", "{22905be7-67cf-0c0a-9526-339e9680e1c6}"
EndProject
Project("{FAE04EC0-301F-11D3-BF4B-00C04F79EFBC}") = "Unity.VisualScripting.Flow", "Unity.VisualScripting.Flow.csproj", "{2f89c6b9-acd6-7da3-be73-19962e2a04d8}"
EndProject
Project("{FAE04EC0-301F-11D3-BF4B-00C04F79EFBC}") = "UnityEditor.UI", "UnityEditor.UI.csproj", "{0ea3d15d-74c9-895c-39c2-2f08a3e2a51b}"
EndProject
Project("{FAE04EC0-301F-11D3-BF4B-00C04F79EFBC}") = "Unity.PlasticSCM.Editor", "Unity.PlasticSCM.Editor.csproj", "{9fea694c-0a1e-573c-adf9-5c032d27aaa7}"
EndProject
Project("{FAE04EC0-301F-11D3-BF4B-00C04F79EFBC}") = "Unity.2D.Psdimporter.Editor", "Unity.2D.Psdimporter.Editor.csproj", "{8dc5b672-cbf5-f2cf-c34f-9efc25e6d55a}"
EndProject
Project("{FAE04EC0-301F-11D3-BF4B-00C04F79EFBC}") = "Unity.InputSystem", "Unity.InputSystem.csproj", "{2d939c68-438f-af9a-ec0b-0dfa7643d4f2}"
EndProject
Project("{FAE04EC0-301F-11D3-BF4B-00C04F79EFBC}") = "Unity.VisualScripting.Core", "Unity.VisualScripting.Core.csproj", "{e02cd409-0dc1-9e73-4dea-178fbe20c587}"
EndProject
Project("{FAE04EC0-301F-11D3-BF4B-00C04F79EFBC}") = "Unity.Mathematics", "Unity.Mathematics.csproj", "{128322f4-c4b9-9df5-bd3f-4b9f7128eea4}"
EndProject
Project("{FAE04EC0-301F-11D3-BF4B-00C04F79EFBC}") = "Unity.2D.Animation.Editor", "Unity.2D.Animation.Editor.csproj", "{b6cf9c72-0e4d-708e-bbfc-ee79fad79cb9}"
EndProject
Project("{FAE04EC0-301F-11D3-BF4B-00C04F79EFBC}") = "Unity.2D.Common.Path.Editor", "Unity.2D.Common.Path.Editor.csproj", "{7fcd4107-961b-e9b4-974d-3282d5d7ca11}"
EndProject
Project("{FAE04EC0-301F-11D3-BF4B-00C04F79EFBC}") = "Cinemachine", "Cinemachine.csproj", "{ca95548f-52b4-554f-b8fd-0af020740a71}"
EndProject
Project("{FAE04EC0-301F-11D3-BF4B-00C04F79EFBC}") = "Unity.VisualScripting.Core.Editor", "Unity.VisualScripting.Core.Editor.csproj", "{f6e9e3e0-9816-dfe2-123d-b93ad308a348}"
EndProject
Project("{FAE04EC0-301F-11D3-BF4B-00C04F79EFBC}") = "Unity.2D.IK.Runtime", "Unity.2D.IK.Runtime.csproj", "{c0a3a75d-9437-0f5a-b723-33bdfd87dce9}"
EndProject
Project("{FAE04EC0-301F-11D3-BF4B-00C04F79EFBC}") = "Unity.VisualScripting.Flow.Editor", "Unity.VisualScripting.Flow.Editor.csproj", "{e44dde7a-2975-d84f-c685-bb88a50c7d6b}"
EndProject
Project("{FAE04EC0-301F-11D3-BF4B-00C04F79EFBC}") = "UnityEditor.TestRunner", "UnityEditor.TestRunner.csproj", "{69d4d03c-31b4-2707-4488-a159cd09f563}"
EndProject
Project("{FAE04EC0-301F-11D3-BF4B-00C04F79EFBC}") = "Meryel.CodeAssist.Editor", "Meryel.CodeAssist.Editor.csproj", "{26b748c5-b33e-e655-0c2e-c7c422316425}"
EndProject
Project("{FAE04EC0-301F-11D3-BF4B-00C04F79EFBC}") = "Unity.VisualScripting.SettingsProvider.Editor", "Unity.VisualScripting.SettingsProvider.Editor.csproj", "{71572d46-8271-6ee0-1e11-849fa95ae7eb}"
EndProject
Project("{FAE04EC0-301F-11D3-BF4B-00C04F79EFBC}") = "UnityEngine.TestRunner", "UnityEngine.TestRunner.csproj", "{369ef9a0-32f5-407c-ed1f-7139e56dd54a}"
EndProject
Project("{FAE04EC0-301F-11D3-BF4B-00C04F79EFBC}") = "PsdPlugin", "PsdPlugin.csproj", "{972a557e-aac0-b131-f5b8-ba194306b341}"
EndProject
Project("{FAE04EC0-301F-11D3-BF4B-00C04F79EFBC}") = "Unity.Burst", "Unity.Burst.csproj", "{d2f17511-fa33-4d30-25da-63bbb32d563b}"
EndProject
Project("{FAE04EC0-301F-11D3-BF4B-00C04F79EFBC}") = "UnityEngine.UI", "UnityEngine.UI.csproj", "{40e170ea-2ad8-a48c-ad8a-d13cddc99d84}"
EndProject
Project("{FAE04EC0-301F-11D3-BF4B-00C04F79EFBC}") = "Unity.Collections", "Unity.Collections.csproj", "{542b8e38-4bce-237f-8d97-07241f2ad3df}"
EndProject
Project("{FAE04EC0-301F-11D3-BF4B-00C04F79EFBC}") = "Unity.2D.SpriteShape.Editor", "Unity.2D.SpriteShape.Editor.csproj", "{2bc73e6e-4cf7-125d-22eb-d5b6d0ffae3e}"
EndProject
Project("{FAE04EC0-301F-11D3-BF4B-00C04F79EFBC}") = "Unity.VisualStudio.Editor", "Unity.VisualStudio.Editor.csproj", "{45dd46cc-b2f2-c9a6-6d3a-2809b8c8efc4}"
EndProject
Project("{FAE04EC0-301F-11D3-BF4B-00C04F79EFBC}") = "com.unity.cinemachine.editor", "com.unity.cinemachine.editor.csproj", "{a1fa7525-e270-9dde-75aa-05c1c870f40e}"
EndProject
Project("{FAE04EC0-301F-11D3-BF4B-00C04F79EFBC}") = "Unity.2D.Tilemap.Extras.Editor", "Unity.2D.Tilemap.Extras.Editor.csproj", "{2bf63040-7f5c-c4a6-1778-7112946db6b6}"
EndProject
Project("{FAE04EC0-301F-11D3-BF4B-00C04F79EFBC}") = "Unity.Rider.Editor", "Unity.Rider.Editor.csproj", "{fc76d94c-44da-ce1e-9b9b-7cb3bf140025}"
EndProject
Project("{FAE04EC0-301F-11D3-BF4B-00C04F79EFBC}") = "Unity.InternalAPIEditorBridge.001", "Unity.InternalAPIEditorBridge.001.csproj", "{b22d7787-a908-386f-be8d-88079641eb5e}"
EndProject
Project("{FAE04EC0-301F-11D3-BF4B-00C04F79EFBC}") = "Unity.2D.SpriteShape.Runtime", "Unity.2D.SpriteShape.Runtime.csproj", "{e0d45bef-3092-e66c-e952-86f626b5a516}"
EndProject
Project("{FAE04EC0-301F-11D3-BF4B-00C04F79EFBC}") = "Assembly-CSharp", "Assembly-CSharp.csproj", "{a6a59729-e60b-5373-e9c0-0f4e1223f8bf}"
EndProject
Project("{FAE04EC0-301F-11D3-BF4B-00C04F79EFBC}") = "Unity.VisualScripting.State.Editor", "Unity.VisualScripting.State.Editor.csproj", "{92d1307c-c4f5-9396-5566-52c180f83260}"
EndProject
Project("{FAE04EC0-301F-11D3-BF4B-00C04F79EFBC}") = "Unity.2D.Animation.Runtime", "Unity.2D.Animation.Runtime.csproj", "{cb0b2943-ce21-d3c4-6d95-41f1a0b4091d}"
EndProject
Project("{FAE04EC0-301F-11D3-BF4B-00C04F79EFBC}") = "Unity.Burst.CodeGen", "Unity.Burst.CodeGen.csproj", "{6ad2df47-2126-3b9f-6bb9-52e5404bea54}"
EndProject
Project("{FAE04EC0-301F-11D3-BF4B-00C04F79EFBC}") = "Unity.2D.Tilemap.Extras", "Unity.2D.Tilemap.Extras.csproj", "{ef143454-7dfd-2022-7fda-530646003f1f}"
EndProject
Project("{FAE04EC0-301F-11D3-BF4B-00C04F79EFBC}") = "Unity.VisualScripting.State", "Unity.VisualScripting.State.csproj", "{acc9e74b-4b15-e616-1006-960f8b1efa82}"
EndProject
Project("{FAE04EC0-301F-11D3-BF4B-00C04F79EFBC}") = "Unity.TextMeshPro", "Unity.TextMeshPro.csproj", "{6de9d205-3a2e-63c2-b465-1ea8fdbed0d8}"
EndProject
Project("{FAE04EC0-301F-11D3-BF4B-00C04F79EFBC}") = "Unity.2D.Aseprite.Common", "Unity.2D.Aseprite.Common.csproj", "{77b5e463-b354-6777-61b4-2865b5de48b8}"
EndProject
Project("{FAE04EC0-301F-11D3-BF4B-00C04F79EFBC}") = "Unity.2D.IK.Editor", "Unity.2D.IK.Editor.csproj", "{d57bf966-5830-d627-cc5f-dfc571f97928}"
EndProject
Project("{FAE04EC0-301F-11D3-BF4B-00C04F79EFBC}") = "Unity.InternalAPIEngineBridge.001", "Unity.InternalAPIEngineBridge.001.csproj", "{3d8a5384-73d7-91f4-f11f-2a6a82d26ef4}"
EndProject
Project("{FAE04EC0-301F-11D3-BF4B-00C04F79EFBC}") = "Unity.Burst.Editor", "Unity.Burst.Editor.csproj", "{b4cc1b59-0fce-e300-8413-c42745798b73}"
EndProject
Project("{FAE04EC0-301F-11D3-BF4B-00C04F79EFBC}") = "Unity.2D.Common.Editor", "Unity.2D.Common.Editor.csproj", "{57831044-5fae-a795-4e9f-bd5edb513b6d}"
EndProject
Project("{FAE04EC0-301F-11D3-BF4B-00C04F79EFBC}") = "Unity.2D.Sprite.Editor", "Unity.2D.Sprite.Editor.csproj", "{29da759a-9bcf-2e90-ccad-3d7e5a635c51}"
EndProject
Project("{FAE04EC0-301F-11D3-BF4B-00C04F79EFBC}") = "Unity.2D.PixelPerfect", "Unity.2D.PixelPerfect.csproj", "{b7eeb08c-c68d-b74d-0395-e945cd48c584}"
EndProject
Project("{FAE04EC0-301F-11D3-BF4B-00C04F79EFBC}") = "Unity.2D.PixelPerfect.Editor", "Unity.2D.PixelPerfect.Editor.csproj", "{384feba6-70de-ca6f-a345-91fe4cb7cfab}"
EndProject
Project("{FAE04EC0-301F-11D3-BF4B-00C04F79EFBC}") = "Unity.2D.Common.Runtime", "Unity.2D.Common.Runtime.csproj", "{49b81eda-48a3-9983-72c0-6cf8d16dbfd7}"
EndProject
Project("{FAE04EC0-301F-11D3-BF4B-00C04F79EFBC}") = "Unity.InputSystem.ForUI", "Unity.InputSystem.ForUI.csproj", "{3fedfb53-84ea-41f3-fbe4-22adfc8892c0}"
EndProject
Project("{FAE04EC0-301F-11D3-BF4B-00C04F79EFBC}") = "Unity.Mathematics.Editor", "Unity.Mathematics.Editor.csproj", "{4754f515-6249-792f-f064-ab6e644ea68e}"
EndProject
Project("{FAE04EC0-301F-11D3-BF4B-00C04F79EFBC}") = "Unity.InputSystem.TestFramework", "Unity.InputSystem.TestFramework.csproj", "{ed36652a-3234-bc5c-30b4-5d0f84452ff4}"
EndProject
Project("{FAE04EC0-301F-11D3-BF4B-00C04F79EFBC}") = "Unity.Collections.BurstCompatibilityGen", "Unity.Collections.BurstCompatibilityGen.csproj", "{f014f767-2b91-3d80-6813-5f86f855e164}"
EndProject
Project("{FAE04EC0-301F-11D3-BF4B-00C04F79EFBC}") = "Unity.InternalAPIEditorBridge.005", "Unity.InternalAPIEditorBridge.005.csproj", "{3528685b-708c-a172-1707-4b2ae7eb8c28}"
EndProject
Project("{FAE04EC0-301F-11D3-BF4B-00C04F79EFBC}") = "Unity.VisualScripting.Shared.Editor", "Unity.VisualScripting.Shared.Editor.csproj", "{03c75e08-3e7b-3a99-9b4d-f9d40208df83}"
EndProject
Project("{FAE04EC0-301F-11D3-BF4B-00C04F79EFBC}") = "Unity.Collections.DocCodeSamples", "Unity.Collections.DocCodeSamples.csproj", "{c567f17a-8c1b-e9d8-0b9b-8d29f5966477}"
EndProject
Project("{FAE04EC0-301F-11D3-BF4B-00C04F79EFBC}") = "Unity.CollabProxy.Editor", "Unity.CollabProxy.Editor.csproj", "{aa704b06-b910-3872-dd8c-c454d80a0507}"
EndProject
Project("{FAE04EC0-301F-11D3-BF4B-00C04F79EFBC}") = "Unity.Timeline", "Unity.Timeline.Player.csproj", "{34daec18-8df0-1015-c5c4-4e4e704a050c}"
EndProject
Project("{FAE04EC0-301F-11D3-BF4B-00C04F79EFBC}") = "Unity.VisualScripting.Flow", "Unity.VisualScripting.Flow.Player.csproj", "{db9bdd7a-ae0b-464b-9a9d-a9a2d0d7edcd}"
EndProject
Project("{FAE04EC0-301F-11D3-BF4B-00C04F79EFBC}") = "Unity.InputSystem", "Unity.InputSystem.Player.csproj", "{e0ce7179-91da-ed81-2bf9-8ebc8f3f6763}"
EndProject
Project("{FAE04EC0-301F-11D3-BF4B-00C04F79EFBC}") = "Unity.VisualScripting.Core", "Unity.VisualScripting.Core.Player.csproj", "{39dd102f-55fa-bdc0-5823-b8fccec4f8d0}"
EndProject
Project("{FAE04EC0-301F-11D3-BF4B-00C04F79EFBC}") = "Unity.Mathematics", "Unity.Mathematics.Player.csproj", "{c50b61fa-163b-af12-1734-fea29f763673}"
EndProject
Project("{FAE04EC0-301F-11D3-BF4B-00C04F79EFBC}") = "Cinemachine", "Cinemachine.Player.csproj", "{faf533e9-8fd6-2750-3091-c57bb98a4035}"
EndProject
Project("{FAE04EC0-301F-11D3-BF4B-00C04F79EFBC}") = "Unity.2D.IK.Runtime", "Unity.2D.IK.Runtime.Player.csproj", "{cf4b8bb9-65d7-305b-e416-bae6d39e0a83}"
EndProject
Project("{FAE04EC0-301F-11D3-BF4B-00C04F79EFBC}") = "UnityEngine.TestRunner", "UnityEngine.TestRunner.Player.csproj", "{d8df5cf8-2339-438f-874e-6e740cbad8ba}"
EndProject
Project("{FAE04EC0-301F-11D3-BF4B-00C04F79EFBC}") = "Unity.Burst", "Unity.Burst.Player.csproj", "{e73d6525-bbd9-633b-6e2f-359730a88eda}"
EndProject
Project("{FAE04EC0-301F-11D3-BF4B-00C04F79EFBC}") = "UnityEngine.UI", "UnityEngine.UI.Player.csproj", "{fc9edbe1-4b16-b72a-e2ba-9f41d1cd15cd}"
EndProject
Project("{FAE04EC0-301F-11D3-BF4B-00C04F79EFBC}") = "Unity.Collections", "Unity.Collections.Player.csproj", "{6429d27f-c1ee-6ffa-dd0a-92e502cf0aed}"
EndProject
Project("{FAE04EC0-301F-11D3-BF4B-00C04F79EFBC}") = "Unity.2D.SpriteShape.Runtime", "Unity.2D.SpriteShape.Runtime.Player.csproj", "{a6cc074a-4b60-ef2d-4432-5f0c69c03c94}"
EndProject
Project("{FAE04EC0-301F-11D3-BF4B-00C04F79EFBC}") = "Assembly-CSharp", "Assembly-CSharp.Player.csproj", "{5d6c72d7-c9ae-01c2-b31a-639ee49628e2}"
EndProject
Project("{FAE04EC0-301F-11D3-BF4B-00C04F79EFBC}") = "Unity.2D.Animation.Runtime", "Unity.2D.Animation.Runtime.Player.csproj", "{6a8130d1-c0ab-493a-1d81-9464fb47b217}"
EndProject
Project("{FAE04EC0-301F-11D3-BF4B-00C04F79EFBC}") = "Unity.2D.Tilemap.Extras", "Unity.2D.Tilemap.Extras.Player.csproj", "{2f40c737-bd60-61c1-2246-6a667c74c10a}"
EndProject
Project("{FAE04EC0-301F-11D3-BF4B-00C04F79EFBC}") = "Unity.VisualScripting.State", "Unity.VisualScripting.State.Player.csproj", "{ac9897fb-6399-eca7-ac5c-633cf6dcfbb4}"
EndProject
Project("{FAE04EC0-301F-11D3-BF4B-00C04F79EFBC}") = "Unity.TextMeshPro", "Unity.TextMeshPro.Player.csproj", "{8bde7931-525f-f7c7-5483-d81d7070f899}"
EndProject
Project("{FAE04EC0-301F-11D3-BF4B-00C04F79EFBC}") = "Unity.InternalAPIEngineBridge.001", "Unity.InternalAPIEngineBridge.001.Player.csproj", "{6b8ed857-f3f9-b574-0f17-697b6c7cd925}"
EndProject
Project("{FAE04EC0-301F-11D3-BF4B-00C04F79EFBC}") = "Unity.2D.PixelPerfect", "Unity.2D.PixelPerfect.Player.csproj", "{6f117767-5a10-0e94-8128-53dbda67eef5}"
EndProject
Project("{FAE04EC0-301F-11D3-BF4B-00C04F79EFBC}") = "Unity.2D.Common.Runtime", "Unity.2D.Common.Runtime.Player.csproj", "{be119e95-b126-3c07-427d-a9f60a1a9b21}"
EndProject
Project("{FAE04EC0-301F-11D3-BF4B-00C04F79EFBC}") = "Unity.InputSystem.ForUI", "Unity.InputSystem.ForUI.Player.csproj", "{cb579a28-7f62-1089-8fd9-cc2553d858cd}"
EndProject
Project("{FAE04EC0-301F-11D3-BF4B-00C04F79EFBC}") = "Unity.InputSystem.TestFramework", "Unity.InputSystem.TestFramework.Player.csproj", "{bd8d4684-27be-c635-965d-cdb0f88fc30e}"
EndProject
Project("{FAE04EC0-301F-11D3-BF4B-00C04F79EFBC}") = "Assembly-CSharp-Editor", "Assembly-CSharp-Editor.csproj", "{bd7ea899-2fd6-502c-aff0-00ba1bf4cb62}"
EndProject
Project("{FAE04EC0-301F-11D3-BF4B-00C04F79EFBC}") = "Unity.Mathematics.Tests", "Unity.Mathematics.Tests.csproj", "{353c72a2-7939-01c7-7529-30f1e48a9068}"
EndProject
Project("{FAE04EC0-301F-11D3-BF4B-00C04F79EFBC}") = "Unity.2D.Aseprite.EditorTests", "Unity.2D.Aseprite.EditorTests.csproj", "{a400517b-1025-94cb-b69f-d66ce47a7c76}"
EndProject
Project("{FAE04EC0-301F-11D3-BF4B-00C04F79EFBC}") = "Unity.2D.Sprite.Package.EditorTests", "Unity.2D.Sprite.Package.EditorTests.csproj", "{88169ddd-efaf-48aa-a21d-4a2274897ea0}"
EndProject
Project("{FAE04EC0-301F-11D3-BF4B-00C04F79EFBC}") = "Unity.Burst.Tests.UnitTests", "Unity.Burst.Tests.UnitTests.csproj", "{76ea1775-4b6f-b5fe-ad2f-a55660af4a6f}"
EndProject
Project("{FAE04EC0-301F-11D3-BF4B-00C04F79EFBC}") = "Unity.2D.PixelPerfect.EditorTests", "Unity.2D.PixelPerfect.EditorTests.csproj", "{4ca73405-4079-5e09-91cf-1915520659d4}"
EndProject
Project("{FAE04EC0-301F-11D3-BF4B-00C04F79EFBC}") = "Unity.2D.SpriteShape.EditorTests", "Unity.2D.SpriteShape.EditorTests.csproj", "{b73a0949-7296-65d5-a7ce-a198178f5832}"
EndProject
Project("{FAE04EC0-301F-11D3-BF4B-00C04F79EFBC}") = "Unity.2D.Common.EditorTests", "Unity.2D.Common.EditorTests.csproj", "{df26645c-90df-89ad-ec34-217d32e4f802}"
EndProject
Project("{FAE04EC0-301F-11D3-BF4B-00C04F79EFBC}") = "Unity.Burst.Editor.Tests", "Unity.Burst.Editor.Tests.csproj", "{80051bfa-84f8-3dd6-300b-9aa5e8b53116}"
EndProject
Project("{FAE04EC0-301F-11D3-BF4B-00C04F79EFBC}") = "Unity.TextMeshPro.Editor.Tests", "Unity.TextMeshPro.Editor.Tests.csproj", "{8f166a99-f5ff-ea9f-5739-cebd3b56acfc}"
EndProject
Project("{FAE04EC0-301F-11D3-BF4B-00C04F79EFBC}") = "DocCodeExamples", "DocCodeExamples.csproj", "{05fa6f3c-d87d-8fac-073f-7a5713043ca7}"
EndProject
Project("{FAE04EC0-301F-11D3-BF4B-00C04F79EFBC}") = "Cinemachine.Editor.Tests", "Cinemachine.Editor.Tests.csproj", "{dc3d7180-d820-4253-0fcc-423a7ec3b1c6}"
EndProject
Project("{FAE04EC0-301F-11D3-BF4B-00C04F79EFBC}") = "Unity.Collections.Tests", "Unity.Collections.Tests.csproj", "{e9a20db6-1d10-4547-24df-8c1181a38a11}"
EndProject
Project("{FAE04EC0-301F-11D3-BF4B-00C04F79EFBC}") = "Unity.2D.Psdimporter.EditorTests", "Unity.2D.Psdimporter.EditorTests.csproj", "{c71ee185-a1fa-09d5-ce85-2e3740bc9e1a}"
EndProject
Project("{FAE04EC0-301F-11D3-BF4B-00C04F79EFBC}") = "UnityEngine.UI.Tests", "UnityEngine.UI.Tests.csproj", "{df75d36e-7515-628d-f28c-73f17912632f}"
EndProject
Project("{FAE04EC0-301F-11D3-BF4B-00C04F79EFBC}") = "Unity.InputSystem.IntegrationTests", "Unity.InputSystem.IntegrationTests.csproj", "{0b663c60-1afb-8e80-d958-7c76f239438b}"
EndProject
Project("{FAE04EC0-301F-11D3-BF4B-00C04F79EFBC}") = "Unity.Collections.Tests.Playmode", "Unity.Collections.Tests.Playmode.csproj", "{9fba0646-931c-b4d2-0d12-9c2f3f91ef4d}"
EndProject
Project("{FAE04EC0-301F-11D3-BF4B-00C04F79EFBC}") = "Unity.2D.Animation.EditorTests", "Unity.2D.Animation.EditorTests.csproj", "{906188ea-e695-3e76-eb43-2871c43d1091}"
EndProject
Project("{FAE04EC0-301F-11D3-BF4B-00C04F79EFBC}") = "Cinemachine.Runtime.Tests", "Cinemachine.Runtime.Tests.csproj", "{fe6f2e1c-1e44-8b45-9820-06df77f1159e}"
EndProject
Project("{FAE04EC0-301F-11D3-BF4B-00C04F79EFBC}") = "Unity.TextMeshPro.Tests", "Unity.TextMeshPro.Tests.csproj", "{10af6bd1-f072-af11-8bc7-754bfaa48f5a}"
EndProject
Project("{FAE04EC0-301F-11D3-BF4B-00C04F79EFBC}") = "SeparateAssembly", "SeparateAssembly.csproj", "{ea9e6fa1-442f-3bb3-bd70-d6b63e3f1fe5}"
EndProject
Project("{FAE04EC0-301F-11D3-BF4B-00C04F79EFBC}") = "UnityEditor.UI.EditorTests", "UnityEditor.UI.EditorTests.csproj", "{f66549e0-930b-bd48-e555-8f5012c80dd3}"
EndProject
Project("{FAE04EC0-301F-11D3-BF4B-00C04F79EFBC}") = "Unity.2D.Tilemap.Package.EditorTests", "Unity.2D.Tilemap.Package.EditorTests.csproj", "{8e34ddf0-148a-5db4-8231-fc2da1cf4114}"
EndProject
Project("{FAE04EC0-301F-11D3-BF4B-00C04F79EFBC}") = "Unity.2D.Tilemap.Extras.Placeholder.EditorTests", "Unity.2D.Tilemap.Extras.Placeholder.EditorTests.csproj", "{41ebb805-5a64-2c88-6ec7-774998762ee5}"
EndProject
Project("{FAE04EC0-301F-11D3-BF4B-00C04F79EFBC}") = "OverloadedFunctionPointers", "OverloadedFunctionPointers.csproj", "{be7b583f-c40e-7219-1ef7-37a68fa0a69c}"
EndProject
Global
	GlobalSection(SolutionConfigurationPlatforms) = preSolution
		Debug|Any CPU = Debug|Any CPU
	EndGlobalSection
	GlobalSection(ProjectConfigurationPlatforms) = postSolution
		{d25c78b8-dd76-9034-a2af-8cb3e5b91ba4}.Debug|Any CPU.ActiveCfg = Debug|Any CPU
		{d25c78b8-dd76-9034-a2af-8cb3e5b91ba4}.Debug|Any CPU.Build.0 = Debug|Any CPU
		{ba2e0191-88a5-b9a8-c216-7470d60d12a4}.Debug|Any CPU.ActiveCfg = Debug|Any CPU
		{ba2e0191-88a5-b9a8-c216-7470d60d12a4}.Debug|Any CPU.Build.0 = Debug|Any CPU
		{dc073f00-79a6-0f16-a791-e3893657d1a3}.Debug|Any CPU.ActiveCfg = Debug|Any CPU
		{dc073f00-79a6-0f16-a791-e3893657d1a3}.Debug|Any CPU.Build.0 = Debug|Any CPU
		{e6ca4724-14d6-63d9-e620-44d8a3bf849b}.Debug|Any CPU.ActiveCfg = Debug|Any CPU
		{e6ca4724-14d6-63d9-e620-44d8a3bf849b}.Debug|Any CPU.Build.0 = Debug|Any CPU
		{22905be7-67cf-0c0a-9526-339e9680e1c6}.Debug|Any CPU.ActiveCfg = Debug|Any CPU
		{22905be7-67cf-0c0a-9526-339e9680e1c6}.Debug|Any CPU.Build.0 = Debug|Any CPU
		{2f89c6b9-acd6-7da3-be73-19962e2a04d8}.Debug|Any CPU.ActiveCfg = Debug|Any CPU
		{2f89c6b9-acd6-7da3-be73-19962e2a04d8}.Debug|Any CPU.Build.0 = Debug|Any CPU
		{0ea3d15d-74c9-895c-39c2-2f08a3e2a51b}.Debug|Any CPU.ActiveCfg = Debug|Any CPU
		{0ea3d15d-74c9-895c-39c2-2f08a3e2a51b}.Debug|Any CPU.Build.0 = Debug|Any CPU
		{9fea694c-0a1e-573c-adf9-5c032d27aaa7}.Debug|Any CPU.ActiveCfg = Debug|Any CPU
		{9fea694c-0a1e-573c-adf9-5c032d27aaa7}.Debug|Any CPU.Build.0 = Debug|Any CPU
		{8dc5b672-cbf5-f2cf-c34f-9efc25e6d55a}.Debug|Any CPU.ActiveCfg = Debug|Any CPU
		{8dc5b672-cbf5-f2cf-c34f-9efc25e6d55a}.Debug|Any CPU.Build.0 = Debug|Any CPU
		{2d939c68-438f-af9a-ec0b-0dfa7643d4f2}.Debug|Any CPU.ActiveCfg = Debug|Any CPU
		{2d939c68-438f-af9a-ec0b-0dfa7643d4f2}.Debug|Any CPU.Build.0 = Debug|Any CPU
		{e02cd409-0dc1-9e73-4dea-178fbe20c587}.Debug|Any CPU.ActiveCfg = Debug|Any CPU
		{e02cd409-0dc1-9e73-4dea-178fbe20c587}.Debug|Any CPU.Build.0 = Debug|Any CPU
		{128322f4-c4b9-9df5-bd3f-4b9f7128eea4}.Debug|Any CPU.ActiveCfg = Debug|Any CPU
		{128322f4-c4b9-9df5-bd3f-4b9f7128eea4}.Debug|Any CPU.Build.0 = Debug|Any CPU
		{b6cf9c72-0e4d-708e-bbfc-ee79fad79cb9}.Debug|Any CPU.ActiveCfg = Debug|Any CPU
		{b6cf9c72-0e4d-708e-bbfc-ee79fad79cb9}.Debug|Any CPU.Build.0 = Debug|Any CPU
		{7fcd4107-961b-e9b4-974d-3282d5d7ca11}.Debug|Any CPU.ActiveCfg = Debug|Any CPU
		{7fcd4107-961b-e9b4-974d-3282d5d7ca11}.Debug|Any CPU.Build.0 = Debug|Any CPU
		{ca95548f-52b4-554f-b8fd-0af020740a71}.Debug|Any CPU.ActiveCfg = Debug|Any CPU
		{ca95548f-52b4-554f-b8fd-0af020740a71}.Debug|Any CPU.Build.0 = Debug|Any CPU
		{f6e9e3e0-9816-dfe2-123d-b93ad308a348}.Debug|Any CPU.ActiveCfg = Debug|Any CPU
		{f6e9e3e0-9816-dfe2-123d-b93ad308a348}.Debug|Any CPU.Build.0 = Debug|Any CPU
		{c0a3a75d-9437-0f5a-b723-33bdfd87dce9}.Debug|Any CPU.ActiveCfg = Debug|Any CPU
		{c0a3a75d-9437-0f5a-b723-33bdfd87dce9}.Debug|Any CPU.Build.0 = Debug|Any CPU
		{e44dde7a-2975-d84f-c685-bb88a50c7d6b}.Debug|Any CPU.ActiveCfg = Debug|Any CPU
		{e44dde7a-2975-d84f-c685-bb88a50c7d6b}.Debug|Any CPU.Build.0 = Debug|Any CPU
		{69d4d03c-31b4-2707-4488-a159cd09f563}.Debug|Any CPU.ActiveCfg = Debug|Any CPU
		{69d4d03c-31b4-2707-4488-a159cd09f563}.Debug|Any CPU.Build.0 = Debug|Any CPU
		{26b748c5-b33e-e655-0c2e-c7c422316425}.Debug|Any CPU.ActiveCfg = Debug|Any CPU
		{26b748c5-b33e-e655-0c2e-c7c422316425}.Debug|Any CPU.Build.0 = Debug|Any CPU
		{71572d46-8271-6ee0-1e11-849fa95ae7eb}.Debug|Any CPU.ActiveCfg = Debug|Any CPU
		{71572d46-8271-6ee0-1e11-849fa95ae7eb}.Debug|Any CPU.Build.0 = Debug|Any CPU
		{369ef9a0-32f5-407c-ed1f-7139e56dd54a}.Debug|Any CPU.ActiveCfg = Debug|Any CPU
		{369ef9a0-32f5-407c-ed1f-7139e56dd54a}.Debug|Any CPU.Build.0 = Debug|Any CPU
		{972a557e-aac0-b131-f5b8-ba194306b341}.Debug|Any CPU.ActiveCfg = Debug|Any CPU
		{972a557e-aac0-b131-f5b8-ba194306b341}.Debug|Any CPU.Build.0 = Debug|Any CPU
		{d2f17511-fa33-4d30-25da-63bbb32d563b}.Debug|Any CPU.ActiveCfg = Debug|Any CPU
		{d2f17511-fa33-4d30-25da-63bbb32d563b}.Debug|Any CPU.Build.0 = Debug|Any CPU
		{40e170ea-2ad8-a48c-ad8a-d13cddc99d84}.Debug|Any CPU.ActiveCfg = Debug|Any CPU
		{40e170ea-2ad8-a48c-ad8a-d13cddc99d84}.Debug|Any CPU.Build.0 = Debug|Any CPU
		{542b8e38-4bce-237f-8d97-07241f2ad3df}.Debug|Any CPU.ActiveCfg = Debug|Any CPU
		{542b8e38-4bce-237f-8d97-07241f2ad3df}.Debug|Any CPU.Build.0 = Debug|Any CPU
		{2bc73e6e-4cf7-125d-22eb-d5b6d0ffae3e}.Debug|Any CPU.ActiveCfg = Debug|Any CPU
		{2bc73e6e-4cf7-125d-22eb-d5b6d0ffae3e}.Debug|Any CPU.Build.0 = Debug|Any CPU
		{45dd46cc-b2f2-c9a6-6d3a-2809b8c8efc4}.Debug|Any CPU.ActiveCfg = Debug|Any CPU
		{45dd46cc-b2f2-c9a6-6d3a-2809b8c8efc4}.Debug|Any CPU.Build.0 = Debug|Any CPU
		{a1fa7525-e270-9dde-75aa-05c1c870f40e}.Debug|Any CPU.ActiveCfg = Debug|Any CPU
		{a1fa7525-e270-9dde-75aa-05c1c870f40e}.Debug|Any CPU.Build.0 = Debug|Any CPU
		{2bf63040-7f5c-c4a6-1778-7112946db6b6}.Debug|Any CPU.ActiveCfg = Debug|Any CPU
		{2bf63040-7f5c-c4a6-1778-7112946db6b6}.Debug|Any CPU.Build.0 = Debug|Any CPU
		{fc76d94c-44da-ce1e-9b9b-7cb3bf140025}.Debug|Any CPU.ActiveCfg = Debug|Any CPU
		{fc76d94c-44da-ce1e-9b9b-7cb3bf140025}.Debug|Any CPU.Build.0 = Debug|Any CPU
		{b22d7787-a908-386f-be8d-88079641eb5e}.Debug|Any CPU.ActiveCfg = Debug|Any CPU
		{b22d7787-a908-386f-be8d-88079641eb5e}.Debug|Any CPU.Build.0 = Debug|Any CPU
		{e0d45bef-3092-e66c-e952-86f626b5a516}.Debug|Any CPU.ActiveCfg = Debug|Any CPU
		{e0d45bef-3092-e66c-e952-86f626b5a516}.Debug|Any CPU.Build.0 = Debug|Any CPU
		{a6a59729-e60b-5373-e9c0-0f4e1223f8bf}.Debug|Any CPU.ActiveCfg = Debug|Any CPU
		{a6a59729-e60b-5373-e9c0-0f4e1223f8bf}.Debug|Any CPU.Build.0 = Debug|Any CPU
		{92d1307c-c4f5-9396-5566-52c180f83260}.Debug|Any CPU.ActiveCfg = Debug|Any CPU
		{92d1307c-c4f5-9396-5566-52c180f83260}.Debug|Any CPU.Build.0 = Debug|Any CPU
		{cb0b2943-ce21-d3c4-6d95-41f1a0b4091d}.Debug|Any CPU.ActiveCfg = Debug|Any CPU
		{cb0b2943-ce21-d3c4-6d95-41f1a0b4091d}.Debug|Any CPU.Build.0 = Debug|Any CPU
		{6ad2df47-2126-3b9f-6bb9-52e5404bea54}.Debug|Any CPU.ActiveCfg = Debug|Any CPU
		{6ad2df47-2126-3b9f-6bb9-52e5404bea54}.Debug|Any CPU.Build.0 = Debug|Any CPU
		{ef143454-7dfd-2022-7fda-530646003f1f}.Debug|Any CPU.ActiveCfg = Debug|Any CPU
		{ef143454-7dfd-2022-7fda-530646003f1f}.Debug|Any CPU.Build.0 = Debug|Any CPU
		{acc9e74b-4b15-e616-1006-960f8b1efa82}.Debug|Any CPU.ActiveCfg = Debug|Any CPU
		{acc9e74b-4b15-e616-1006-960f8b1efa82}.Debug|Any CPU.Build.0 = Debug|Any CPU
		{6de9d205-3a2e-63c2-b465-1ea8fdbed0d8}.Debug|Any CPU.ActiveCfg = Debug|Any CPU
		{6de9d205-3a2e-63c2-b465-1ea8fdbed0d8}.Debug|Any CPU.Build.0 = Debug|Any CPU
		{77b5e463-b354-6777-61b4-2865b5de48b8}.Debug|Any CPU.ActiveCfg = Debug|Any CPU
		{77b5e463-b354-6777-61b4-2865b5de48b8}.Debug|Any CPU.Build.0 = Debug|Any CPU
		{d57bf966-5830-d627-cc5f-dfc571f97928}.Debug|Any CPU.ActiveCfg = Debug|Any CPU
		{d57bf966-5830-d627-cc5f-dfc571f97928}.Debug|Any CPU.Build.0 = Debug|Any CPU
		{3d8a5384-73d7-91f4-f11f-2a6a82d26ef4}.Debug|Any CPU.ActiveCfg = Debug|Any CPU
		{3d8a5384-73d7-91f4-f11f-2a6a82d26ef4}.Debug|Any CPU.Build.0 = Debug|Any CPU
		{b4cc1b59-0fce-e300-8413-c42745798b73}.Debug|Any CPU.ActiveCfg = Debug|Any CPU
		{b4cc1b59-0fce-e300-8413-c42745798b73}.Debug|Any CPU.Build.0 = Debug|Any CPU
		{57831044-5fae-a795-4e9f-bd5edb513b6d}.Debug|Any CPU.ActiveCfg = Debug|Any CPU
		{57831044-5fae-a795-4e9f-bd5edb513b6d}.Debug|Any CPU.Build.0 = Debug|Any CPU
		{29da759a-9bcf-2e90-ccad-3d7e5a635c51}.Debug|Any CPU.ActiveCfg = Debug|Any CPU
		{29da759a-9bcf-2e90-ccad-3d7e5a635c51}.Debug|Any CPU.Build.0 = Debug|Any CPU
		{b7eeb08c-c68d-b74d-0395-e945cd48c584}.Debug|Any CPU.ActiveCfg = Debug|Any CPU
		{b7eeb08c-c68d-b74d-0395-e945cd48c584}.Debug|Any CPU.Build.0 = Debug|Any CPU
		{384feba6-70de-ca6f-a345-91fe4cb7cfab}.Debug|Any CPU.ActiveCfg = Debug|Any CPU
		{384feba6-70de-ca6f-a345-91fe4cb7cfab}.Debug|Any CPU.Build.0 = Debug|Any CPU
		{49b81eda-48a3-9983-72c0-6cf8d16dbfd7}.Debug|Any CPU.ActiveCfg = Debug|Any CPU
		{49b81eda-48a3-9983-72c0-6cf8d16dbfd7}.Debug|Any CPU.Build.0 = Debug|Any CPU
		{3fedfb53-84ea-41f3-fbe4-22adfc8892c0}.Debug|Any CPU.ActiveCfg = Debug|Any CPU
		{3fedfb53-84ea-41f3-fbe4-22adfc8892c0}.Debug|Any CPU.Build.0 = Debug|Any CPU
		{4754f515-6249-792f-f064-ab6e644ea68e}.Debug|Any CPU.ActiveCfg = Debug|Any CPU
		{4754f515-6249-792f-f064-ab6e644ea68e}.Debug|Any CPU.Build.0 = Debug|Any CPU
		{ed36652a-3234-bc5c-30b4-5d0f84452ff4}.Debug|Any CPU.ActiveCfg = Debug|Any CPU
		{ed36652a-3234-bc5c-30b4-5d0f84452ff4}.Debug|Any CPU.Build.0 = Debug|Any CPU
		{f014f767-2b91-3d80-6813-5f86f855e164}.Debug|Any CPU.ActiveCfg = Debug|Any CPU
		{f014f767-2b91-3d80-6813-5f86f855e164}.Debug|Any CPU.Build.0 = Debug|Any CPU
		{3528685b-708c-a172-1707-4b2ae7eb8c28}.Debug|Any CPU.ActiveCfg = Debug|Any CPU
		{3528685b-708c-a172-1707-4b2ae7eb8c28}.Debug|Any CPU.Build.0 = Debug|Any CPU
		{03c75e08-3e7b-3a99-9b4d-f9d40208df83}.Debug|Any CPU.ActiveCfg = Debug|Any CPU
		{03c75e08-3e7b-3a99-9b4d-f9d40208df83}.Debug|Any CPU.Build.0 = Debug|Any CPU
		{c567f17a-8c1b-e9d8-0b9b-8d29f5966477}.Debug|Any CPU.ActiveCfg = Debug|Any CPU
		{c567f17a-8c1b-e9d8-0b9b-8d29f5966477}.Debug|Any CPU.Build.0 = Debug|Any CPU
		{aa704b06-b910-3872-dd8c-c454d80a0507}.Debug|Any CPU.ActiveCfg = Debug|Any CPU
		{aa704b06-b910-3872-dd8c-c454d80a0507}.Debug|Any CPU.Build.0 = Debug|Any CPU
		{34daec18-8df0-1015-c5c4-4e4e704a050c}.Debug|Any CPU.ActiveCfg = Debug|Any CPU
		{34daec18-8df0-1015-c5c4-4e4e704a050c}.Debug|Any CPU.Build.0 = Debug|Any CPU
		{db9bdd7a-ae0b-464b-9a9d-a9a2d0d7edcd}.Debug|Any CPU.ActiveCfg = Debug|Any CPU
		{db9bdd7a-ae0b-464b-9a9d-a9a2d0d7edcd}.Debug|Any CPU.Build.0 = Debug|Any CPU
		{e0ce7179-91da-ed81-2bf9-8ebc8f3f6763}.Debug|Any CPU.ActiveCfg = Debug|Any CPU
		{e0ce7179-91da-ed81-2bf9-8ebc8f3f6763}.Debug|Any CPU.Build.0 = Debug|Any CPU
		{39dd102f-55fa-bdc0-5823-b8fccec4f8d0}.Debug|Any CPU.ActiveCfg = Debug|Any CPU
		{39dd102f-55fa-bdc0-5823-b8fccec4f8d0}.Debug|Any CPU.Build.0 = Debug|Any CPU
		{c50b61fa-163b-af12-1734-fea29f763673}.Debug|Any CPU.ActiveCfg = Debug|Any CPU
		{c50b61fa-163b-af12-1734-fea29f763673}.Debug|Any CPU.Build.0 = Debug|Any CPU
		{faf533e9-8fd6-2750-3091-c57bb98a4035}.Debug|Any CPU.ActiveCfg = Debug|Any CPU
		{faf533e9-8fd6-2750-3091-c57bb98a4035}.Debug|Any CPU.Build.0 = Debug|Any CPU
		{cf4b8bb9-65d7-305b-e416-bae6d39e0a83}.Debug|Any CPU.ActiveCfg = Debug|Any CPU
		{cf4b8bb9-65d7-305b-e416-bae6d39e0a83}.Debug|Any CPU.Build.0 = Debug|Any CPU
		{d8df5cf8-2339-438f-874e-6e740cbad8ba}.Debug|Any CPU.ActiveCfg = Debug|Any CPU
		{d8df5cf8-2339-438f-874e-6e740cbad8ba}.Debug|Any CPU.Build.0 = Debug|Any CPU
		{e73d6525-bbd9-633b-6e2f-359730a88eda}.Debug|Any CPU.ActiveCfg = Debug|Any CPU
		{e73d6525-bbd9-633b-6e2f-359730a88eda}.Debug|Any CPU.Build.0 = Debug|Any CPU
		{fc9edbe1-4b16-b72a-e2ba-9f41d1cd15cd}.Debug|Any CPU.ActiveCfg = Debug|Any CPU
		{fc9edbe1-4b16-b72a-e2ba-9f41d1cd15cd}.Debug|Any CPU.Build.0 = Debug|Any CPU
		{6429d27f-c1ee-6ffa-dd0a-92e502cf0aed}.Debug|Any CPU.ActiveCfg = Debug|Any CPU
		{6429d27f-c1ee-6ffa-dd0a-92e502cf0aed}.Debug|Any CPU.Build.0 = Debug|Any CPU
		{a6cc074a-4b60-ef2d-4432-5f0c69c03c94}.Debug|Any CPU.ActiveCfg = Debug|Any CPU
		{a6cc074a-4b60-ef2d-4432-5f0c69c03c94}.Debug|Any CPU.Build.0 = Debug|Any CPU
		{5d6c72d7-c9ae-01c2-b31a-639ee49628e2}.Debug|Any CPU.ActiveCfg = Debug|Any CPU
		{5d6c72d7-c9ae-01c2-b31a-639ee49628e2}.Debug|Any CPU.Build.0 = Debug|Any CPU
		{6a8130d1-c0ab-493a-1d81-9464fb47b217}.Debug|Any CPU.ActiveCfg = Debug|Any CPU
		{6a8130d1-c0ab-493a-1d81-9464fb47b217}.Debug|Any CPU.Build.0 = Debug|Any CPU
		{2f40c737-bd60-61c1-2246-6a667c74c10a}.Debug|Any CPU.ActiveCfg = Debug|Any CPU
		{2f40c737-bd60-61c1-2246-6a667c74c10a}.Debug|Any CPU.Build.0 = Debug|Any CPU
		{ac9897fb-6399-eca7-ac5c-633cf6dcfbb4}.Debug|Any CPU.ActiveCfg = Debug|Any CPU
		{ac9897fb-6399-eca7-ac5c-633cf6dcfbb4}.Debug|Any CPU.Build.0 = Debug|Any CPU
		{8bde7931-525f-f7c7-5483-d81d7070f899}.Debug|Any CPU.ActiveCfg = Debug|Any CPU
		{8bde7931-525f-f7c7-5483-d81d7070f899}.Debug|Any CPU.Build.0 = Debug|Any CPU
		{6b8ed857-f3f9-b574-0f17-697b6c7cd925}.Debug|Any CPU.ActiveCfg = Debug|Any CPU
		{6b8ed857-f3f9-b574-0f17-697b6c7cd925}.Debug|Any CPU.Build.0 = Debug|Any CPU
		{6f117767-5a10-0e94-8128-53dbda67eef5}.Debug|Any CPU.ActiveCfg = Debug|Any CPU
		{6f117767-5a10-0e94-8128-53dbda67eef5}.Debug|Any CPU.Build.0 = Debug|Any CPU
		{be119e95-b126-3c07-427d-a9f60a1a9b21}.Debug|Any CPU.ActiveCfg = Debug|Any CPU
		{be119e95-b126-3c07-427d-a9f60a1a9b21}.Debug|Any CPU.Build.0 = Debug|Any CPU
		{cb579a28-7f62-1089-8fd9-cc2553d858cd}.Debug|Any CPU.ActiveCfg = Debug|Any CPU
		{cb579a28-7f62-1089-8fd9-cc2553d858cd}.Debug|Any CPU.Build.0 = Debug|Any CPU
		{bd8d4684-27be-c635-965d-cdb0f88fc30e}.Debug|Any CPU.ActiveCfg = Debug|Any CPU
		{bd8d4684-27be-c635-965d-cdb0f88fc30e}.Debug|Any CPU.Build.0 = Debug|Any CPU
		{bd7ea899-2fd6-502c-aff0-00ba1bf4cb62}.Debug|Any CPU.ActiveCfg = Debug|Any CPU
		{bd7ea899-2fd6-502c-aff0-00ba1bf4cb62}.Debug|Any CPU.Build.0 = Debug|Any CPU
		{353c72a2-7939-01c7-7529-30f1e48a9068}.Debug|Any CPU.ActiveCfg = Debug|Any CPU
		{353c72a2-7939-01c7-7529-30f1e48a9068}.Debug|Any CPU.Build.0 = Debug|Any CPU
		{a400517b-1025-94cb-b69f-d66ce47a7c76}.Debug|Any CPU.ActiveCfg = Debug|Any CPU
		{a400517b-1025-94cb-b69f-d66ce47a7c76}.Debug|Any CPU.Build.0 = Debug|Any CPU
		{88169ddd-efaf-48aa-a21d-4a2274897ea0}.Debug|Any CPU.ActiveCfg = Debug|Any CPU
		{88169ddd-efaf-48aa-a21d-4a2274897ea0}.Debug|Any CPU.Build.0 = Debug|Any CPU
		{76ea1775-4b6f-b5fe-ad2f-a55660af4a6f}.Debug|Any CPU.ActiveCfg = Debug|Any CPU
		{76ea1775-4b6f-b5fe-ad2f-a55660af4a6f}.Debug|Any CPU.Build.0 = Debug|Any CPU
		{4ca73405-4079-5e09-91cf-1915520659d4}.Debug|Any CPU.ActiveCfg = Debug|Any CPU
		{4ca73405-4079-5e09-91cf-1915520659d4}.Debug|Any CPU.Build.0 = Debug|Any CPU
		{b73a0949-7296-65d5-a7ce-a198178f5832}.Debug|Any CPU.ActiveCfg = Debug|Any CPU
		{b73a0949-7296-65d5-a7ce-a198178f5832}.Debug|Any CPU.Build.0 = Debug|Any CPU
		{df26645c-90df-89ad-ec34-217d32e4f802}.Debug|Any CPU.ActiveCfg = Debug|Any CPU
		{df26645c-90df-89ad-ec34-217d32e4f802}.Debug|Any CPU.Build.0 = Debug|Any CPU
		{80051bfa-84f8-3dd6-300b-9aa5e8b53116}.Debug|Any CPU.ActiveCfg = Debug|Any CPU
		{80051bfa-84f8-3dd6-300b-9aa5e8b53116}.Debug|Any CPU.Build.0 = Debug|Any CPU
		{8f166a99-f5ff-ea9f-5739-cebd3b56acfc}.Debug|Any CPU.ActiveCfg = Debug|Any CPU
		{8f166a99-f5ff-ea9f-5739-cebd3b56acfc}.Debug|Any CPU.Build.0 = Debug|Any CPU
		{05fa6f3c-d87d-8fac-073f-7a5713043ca7}.Debug|Any CPU.ActiveCfg = Debug|Any CPU
		{05fa6f3c-d87d-8fac-073f-7a5713043ca7}.Debug|Any CPU.Build.0 = Debug|Any CPU
		{dc3d7180-d820-4253-0fcc-423a7ec3b1c6}.Debug|Any CPU.ActiveCfg = Debug|Any CPU
		{dc3d7180-d820-4253-0fcc-423a7ec3b1c6}.Debug|Any CPU.Build.0 = Debug|Any CPU
		{e9a20db6-1d10-4547-24df-8c1181a38a11}.Debug|Any CPU.ActiveCfg = Debug|Any CPU
		{e9a20db6-1d10-4547-24df-8c1181a38a11}.Debug|Any CPU.Build.0 = Debug|Any CPU
		{c71ee185-a1fa-09d5-ce85-2e3740bc9e1a}.Debug|Any CPU.ActiveCfg = Debug|Any CPU
		{c71ee185-a1fa-09d5-ce85-2e3740bc9e1a}.Debug|Any CPU.Build.0 = Debug|Any CPU
		{df75d36e-7515-628d-f28c-73f17912632f}.Debug|Any CPU.ActiveCfg = Debug|Any CPU
		{df75d36e-7515-628d-f28c-73f17912632f}.Debug|Any CPU.Build.0 = Debug|Any CPU
		{0b663c60-1afb-8e80-d958-7c76f239438b}.Debug|Any CPU.ActiveCfg = Debug|Any CPU
		{0b663c60-1afb-8e80-d958-7c76f239438b}.Debug|Any CPU.Build.0 = Debug|Any CPU
		{9fba0646-931c-b4d2-0d12-9c2f3f91ef4d}.Debug|Any CPU.ActiveCfg = Debug|Any CPU
		{9fba0646-931c-b4d2-0d12-9c2f3f91ef4d}.Debug|Any CPU.Build.0 = Debug|Any CPU
		{906188ea-e695-3e76-eb43-2871c43d1091}.Debug|Any CPU.ActiveCfg = Debug|Any CPU
		{906188ea-e695-3e76-eb43-2871c43d1091}.Debug|Any CPU.Build.0 = Debug|Any CPU
		{fe6f2e1c-1e44-8b45-9820-06df77f1159e}.Debug|Any CPU.ActiveCfg = Debug|Any CPU
		{fe6f2e1c-1e44-8b45-9820-06df77f1159e}.Debug|Any CPU.Build.0 = Debug|Any CPU
		{10af6bd1-f072-af11-8bc7-754bfaa48f5a}.Debug|Any CPU.ActiveCfg = Debug|Any CPU
		{10af6bd1-f072-af11-8bc7-754bfaa48f5a}.Debug|Any CPU.Build.0 = Debug|Any CPU
		{ea9e6fa1-442f-3bb3-bd70-d6b63e3f1fe5}.Debug|Any CPU.ActiveCfg = Debug|Any CPU
		{ea9e6fa1-442f-3bb3-bd70-d6b63e3f1fe5}.Debug|Any CPU.Build.0 = Debug|Any CPU
		{f66549e0-930b-bd48-e555-8f5012c80dd3}.Debug|Any CPU.ActiveCfg = Debug|Any CPU
		{f66549e0-930b-bd48-e555-8f5012c80dd3}.Debug|Any CPU.Build.0 = Debug|Any CPU
		{8e34ddf0-148a-5db4-8231-fc2da1cf4114}.Debug|Any CPU.ActiveCfg = Debug|Any CPU
		{8e34ddf0-148a-5db4-8231-fc2da1cf4114}.Debug|Any CPU.Build.0 = Debug|Any CPU
		{41ebb805-5a64-2c88-6ec7-774998762ee5}.Debug|Any CPU.ActiveCfg = Debug|Any CPU
		{41ebb805-5a64-2c88-6ec7-774998762ee5}.Debug|Any CPU.Build.0 = Debug|Any CPU
		{be7b583f-c40e-7219-1ef7-37a68fa0a69c}.Debug|Any CPU.ActiveCfg = Debug|Any CPU
		{be7b583f-c40e-7219-1ef7-37a68fa0a69c}.Debug|Any CPU.Build.0 = Debug|Any CPU
	EndGlobalSection
	GlobalSection(SolutionProperties) = preSolution
		HideSolutionNode = FALSE
	EndGlobalSection
EndGlobal
