
Microsoft Visual Studio Solution File, Format Version 11.00
# Visual Studio 2010
Project("{FAE04EC0-301F-11D3-BF4B-00C04F79EFBC}") = "Meryel.CodeAssist.Editor", "Meryel.CodeAssist.Editor.csproj", "{26b748c5-b33e-e655-0c2e-c7c422316425}"
EndProject
Project("{FAE04EC0-301F-11D3-BF4B-00C04F79EFBC}") = "Assembly-CSharp", "Assembly-CSharp.csproj", "{a6a59729-e60b-5373-e9c0-0f4e1223f8bf}"
EndProject
Project("{FAE04EC0-301F-11D3-BF4B-00C04F79EFBC}") = "Assembly-CSharp-firstpass", "Assembly-CSharp-firstpass.csproj", "{e170100e-6d3d-36db-26ee-0da6960764e7}"
EndProject
Global
	GlobalSection(SolutionConfigurationPlatforms) = preSolution
		Debug|Any CPU = Debug|Any CPU
	EndGlobalSection
	GlobalSection(ProjectConfigurationPlatforms) = postSolution
		{26b748c5-b33e-e655-0c2e-c7c422316425}.Debug|Any CPU.ActiveCfg = Debug|Any CPU
		{26b748c5-b33e-e655-0c2e-c7c422316425}.Debug|Any CPU.Build.0 = Debug|Any CPU
		{a6a59729-e60b-5373-e9c0-0f4e1223f8bf}.Debug|Any CPU.ActiveCfg = Debug|Any CPU
		{a6a59729-e60b-5373-e9c0-0f4e1223f8bf}.Debug|Any CPU.Build.0 = Debug|Any CPU
		{e170100e-6d3d-36db-26ee-0da6960764e7}.Debug|Any CPU.ActiveCfg = Debug|Any CPU
		{e170100e-6d3d-36db-26ee-0da6960764e7}.Debug|Any CPU.Build.0 = Debug|Any CPU
	EndGlobalSection
	GlobalSection(SolutionProperties) = preSolution
		HideSolutionNode = FALSE
	EndGlobalSection
EndGlobal
